
Microsoft Visual Studio Solution File, Format Version 12.00
# Visual Studio 2013
VisualStudioVersion = 12.0.21005.1
MinimumVisualStudioVersion = 10.0.40219.1
Project("{FAE04EC0-301F-11D3-BF4B-00C04F79EFBC}") = "ChefInCSharp", "ChefInCSharp\ChefInCSharp.csproj", "{44FE31FE-D07C-413B-A763-CA58E82DC703}"
EndProject
Project("{FAE04EC0-301F-11D3-BF4B-00C04F79EFBC}") = "CSharpPart1ExamMorning2thFebruary2015", "CSharpPart1ExamMorning2thFebruary2015\CSharpPart1ExamMorning2thFebruary2015.csproj", "{A421659C-AED1-4323-BF47-02BFCFC836C9}"
EndProject
Global
	GlobalSection(SolutionConfigurationPlatforms) = preSolution
		Debug|Any CPU = Debug|Any CPU
		Release|Any CPU = Release|Any CPU
	EndGlobalSection
	GlobalSection(ProjectConfigurationPlatforms) = postSolution
		{44FE31FE-D07C-413B-A763-CA58E82DC703}.Debug|Any CPU.ActiveCfg = Debug|Any CPU
		{44FE31FE-D07C-413B-A763-CA58E82DC703}.Debug|Any CPU.Build.0 = Debug|Any CPU
		{44FE31FE-D07C-413B-A763-CA58E82DC703}.Release|Any CPU.ActiveCfg = Release|Any CPU
		{44FE31FE-D07C-413B-A763-CA58E82DC703}.Release|Any CPU.Build.0 = Release|Any CPU
		{A421659C-AED1-4323-BF47-02BFCFC836C9}.Debug|Any CPU.ActiveCfg = Debug|Any CPU
		{A421659C-AED1-4323-BF47-02BFCFC836C9}.Debug|Any CPU.Build.0 = Debug|Any CPU
		{A421659C-AED1-4323-BF47-02BFCFC836C9}.Release|Any CPU.ActiveCfg = Release|Any CPU
		{A421659C-AED1-4323-BF47-02BFCFC836C9}.Release|Any CPU.Build.0 = Release|Any CPU
	EndGlobalSection
	GlobalSection(SolutionProperties) = preSolution
		HideSolutionNode = FALSE
	EndGlobalSection
EndGlobal
