
Microsoft Visual Studio Solution File, Format Version 12.00
# Visual Studio 2013
VisualStudioVersion = 12.0.21005.1
MinimumVisualStudioVersion = 10.0.40219.1
Project("{FAE04EC0-301F-11D3-BF4B-00C04F79EFBC}") = "BoolToStringConverter", "BoolToStringConverter\BoolToStringConverter.csproj", "{4C7AC8D5-40D9-4305-A210-5D5F6536A2E6}"
EndProject
Project("{FAE04EC0-301F-11D3-BF4B-00C04F79EFBC}") = "Person", "Person\Person.csproj", "{9373D7C5-2148-40B6-A00F-BA15F66570F5}"
EndProject
Project("{FAE04EC0-301F-11D3-BF4B-00C04F79EFBC}") = "Minesweeper", "Minesweeper\Minesweeper.csproj", "{03E03FB6-7F33-4950-AD93-FB8240FC76B4}"
EndProject
Global
	GlobalSection(SolutionConfigurationPlatforms) = preSolution
		Debug|Any CPU = Debug|Any CPU
		Release|Any CPU = Release|Any CPU
	EndGlobalSection
	GlobalSection(ProjectConfigurationPlatforms) = postSolution
		{4C7AC8D5-40D9-4305-A210-5D5F6536A2E6}.Debug|Any CPU.ActiveCfg = Debug|Any CPU
		{4C7AC8D5-40D9-4305-A210-5D5F6536A2E6}.Debug|Any CPU.Build.0 = Debug|Any CPU
		{4C7AC8D5-40D9-4305-A210-5D5F6536A2E6}.Release|Any CPU.ActiveCfg = Release|Any CPU
		{4C7AC8D5-40D9-4305-A210-5D5F6536A2E6}.Release|Any CPU.Build.0 = Release|Any CPU
		{9373D7C5-2148-40B6-A00F-BA15F66570F5}.Debug|Any CPU.ActiveCfg = Debug|Any CPU
		{9373D7C5-2148-40B6-A00F-BA15F66570F5}.Debug|Any CPU.Build.0 = Debug|Any CPU
		{9373D7C5-2148-40B6-A00F-BA15F66570F5}.Release|Any CPU.ActiveCfg = Release|Any CPU
		{9373D7C5-2148-40B6-A00F-BA15F66570F5}.Release|Any CPU.Build.0 = Release|Any CPU
		{03E03FB6-7F33-4950-AD93-FB8240FC76B4}.Debug|Any CPU.ActiveCfg = Debug|Any CPU
		{03E03FB6-7F33-4950-AD93-FB8240FC76B4}.Debug|Any CPU.Build.0 = Debug|Any CPU
		{03E03FB6-7F33-4950-AD93-FB8240FC76B4}.Release|Any CPU.ActiveCfg = Release|Any CPU
		{03E03FB6-7F33-4950-AD93-FB8240FC76B4}.Release|Any CPU.Build.0 = Release|Any CPU
	EndGlobalSection
	GlobalSection(SolutionProperties) = preSolution
		HideSolutionNode = FALSE
	EndGlobalSection
EndGlobal
